
Microsoft Visual Studio Solution File, Format Version 12.00
# Visual Studio Version 16
VisualStudioVersion = 16.0.30114.105
MinimumVisualStudioVersion = 10.0.40219.1
Project("{9A19103F-16F7-4668-BE54-9A1E7A4F7556}") = "CRM.DAL", "CRM.DAL\CRM.DAL.csproj", "{21FF951D-4D0A-4E05-AA86-8564E385DB1B}"
EndProject
Project("{9A19103F-16F7-4668-BE54-9A1E7A4F7556}") = "User.WebApp", "User.WebApp\User.WebApp.csproj", "{661C01EA-1951-43DE-BB4B-43ACC94E174E}"
EndProject
Project("{9A19103F-16F7-4668-BE54-9A1E7A4F7556}") = "CRM.IdentityServer", "CRM.IdentityServer\CRM.IdentityServer.csproj", "{3D56C3C8-A4E6-4C70-B0D1-D9EB399D006A}"
EndProject
Project("{9A19103F-16F7-4668-BE54-9A1E7A4F7556}") = "ServiceCommon", "ServiceCommon\ServiceCommon.csproj", "{5ABA012C-2E38-4229-AB0D-DB4B4CBE0F12}"
EndProject
Project("{9A19103F-16F7-4668-BE54-9A1E7A4F7556}") = "IdentityServer.Extensions", "IdentityServer.Extensions\IdentityServer.Extensions.csproj", "{9E2652C7-90BD-4249-9EA1-3B33A9C22532}"
EndProject
Global
	GlobalSection(SolutionConfigurationPlatforms) = preSolution
		Debug|Any CPU = Debug|Any CPU
		Release|Any CPU = Release|Any CPU
	EndGlobalSection
	GlobalSection(ProjectConfigurationPlatforms) = postSolution
		{21FF951D-4D0A-4E05-AA86-8564E385DB1B}.Debug|Any CPU.ActiveCfg = Debug|Any CPU
		{21FF951D-4D0A-4E05-AA86-8564E385DB1B}.Debug|Any CPU.Build.0 = Debug|Any CPU
		{21FF951D-4D0A-4E05-AA86-8564E385DB1B}.Release|Any CPU.ActiveCfg = Release|Any CPU
		{21FF951D-4D0A-4E05-AA86-8564E385DB1B}.Release|Any CPU.Build.0 = Release|Any CPU
		{661C01EA-1951-43DE-BB4B-43ACC94E174E}.Debug|Any CPU.ActiveCfg = Debug|Any CPU
		{661C01EA-1951-43DE-BB4B-43ACC94E174E}.Debug|Any CPU.Build.0 = Debug|Any CPU
		{661C01EA-1951-43DE-BB4B-43ACC94E174E}.Release|Any CPU.ActiveCfg = Release|Any CPU
		{661C01EA-1951-43DE-BB4B-43ACC94E174E}.Release|Any CPU.Build.0 = Release|Any CPU
		{3D56C3C8-A4E6-4C70-B0D1-D9EB399D006A}.Debug|Any CPU.ActiveCfg = Debug|Any CPU
		{3D56C3C8-A4E6-4C70-B0D1-D9EB399D006A}.Debug|Any CPU.Build.0 = Debug|Any CPU
		{3D56C3C8-A4E6-4C70-B0D1-D9EB399D006A}.Release|Any CPU.ActiveCfg = Release|Any CPU
		{3D56C3C8-A4E6-4C70-B0D1-D9EB399D006A}.Release|Any CPU.Build.0 = Release|Any CPU
		{5ABA012C-2E38-4229-AB0D-DB4B4CBE0F12}.Debug|Any CPU.ActiveCfg = Debug|Any CPU
		{5ABA012C-2E38-4229-AB0D-DB4B4CBE0F12}.Debug|Any CPU.Build.0 = Debug|Any CPU
		{5ABA012C-2E38-4229-AB0D-DB4B4CBE0F12}.Release|Any CPU.ActiveCfg = Release|Any CPU
		{5ABA012C-2E38-4229-AB0D-DB4B4CBE0F12}.Release|Any CPU.Build.0 = Release|Any CPU
		{9E2652C7-90BD-4249-9EA1-3B33A9C22532}.Debug|Any CPU.ActiveCfg = Debug|Any CPU
		{9E2652C7-90BD-4249-9EA1-3B33A9C22532}.Debug|Any CPU.Build.0 = Debug|Any CPU
		{9E2652C7-90BD-4249-9EA1-3B33A9C22532}.Release|Any CPU.ActiveCfg = Release|Any CPU
		{9E2652C7-90BD-4249-9EA1-3B33A9C22532}.Release|Any CPU.Build.0 = Release|Any CPU
	EndGlobalSection
	GlobalSection(SolutionProperties) = preSolution
		HideSolutionNode = FALSE
	EndGlobalSection
	GlobalSection(ExtensibilityGlobals) = postSolution
		SolutionGuid = {EF12FF72-4655-457D-B1B9-BF928A549065}
	EndGlobalSection
EndGlobal
